
Microsoft Visual Studio Solution File, Format Version 12.00
# Visual Studio Version 17
VisualStudioVersion = 17.0.31903.59
MinimumVisualStudioVersion = 10.0.40219.1
Project("{FAE04EC0-301F-11D3-BF4B-00C04F79EFBC}") = "pdt-svc", "pdt-svc.csproj", "{B8FCEFB6-2E75-4D1B-B6D7-BD19DDC8698F}"
EndProject
Global
	GlobalSection(SolutionConfigurationPlatforms) = preSolution
		Debug|Any CPU = Debug|Any CPU
		Release|Any CPU = Release|Any CPU
	EndGlobalSection
	GlobalSection(ProjectConfigurationPlatforms) = postSolution
		{B8FCEFB6-2E75-4D1B-B6D7-BD19DDC8698F}.Debug|Any CPU.ActiveCfg = Debug|Any CPU
		{B8FCEFB6-2E75-4D1B-B6D7-BD19DDC8698F}.Debug|Any CPU.Build.0 = Debug|Any CPU
		{B8FCEFB6-2E75-4D1B-B6D7-BD19DDC8698F}.Release|Any CPU.ActiveCfg = Release|Any CPU
		{B8FCEFB6-2E75-4D1B-B6D7-BD19DDC8698F}.Release|Any CPU.Build.0 = Release|Any CPU
	EndGlobalSection
	GlobalSection(SolutionProperties) = preSolution
		HideSolutionNode = FALSE
	EndGlobalSection
	GlobalSection(ExtensibilityGlobals) = postSolution
		SolutionGuid = {B1244F88-8E23-42F8-B46B-790B8F50D6E4}
	EndGlobalSection
EndGlobal
